// !$*UTF8*$!
{
	archiveVersion = 1;
	classes = {
	};
	objectVersion = 46;
	objects = {

/* Begin PBXBuildFile section */
		5C71095C1E43B5B80061937B /* IO.swift in Sources */ = {isa = PBXBuildFile; fileRef = 5C71095B1E43B5B80061937B /* IO.swift */; };
		5C71095E1E43B77D0061937B /* Error.swift in Sources */ = {isa = PBXBuildFile; fileRef = 5C71095D1E43B77D0061937B /* Error.swift */; };
		5C7109671E43C4B90061937B /* IOXML.swift in Sources */ = {isa = PBXBuildFile; fileRef = 5C7109661E43C4B90061937B /* IOXML.swift */; };
		5C7109691E43C4D20061937B /* IOJSON.swift in Sources */ = {isa = PBXBuildFile; fileRef = 5C7109681E43C4D20061937B /* IOJSON.swift */; };
		5C71096B1E43C8190061937B /* IOPlist.swift in Sources */ = {isa = PBXBuildFile; fileRef = 5C71096A1E43C8190061937B /* IOPlist.swift */; };
		5C71096D1E44D10A0061937B /* Appender.swift in Sources */ = {isa = PBXBuildFile; fileRef = 5C71096C1E44D10A0061937B /* Appender.swift */; };
		5C71096F1E44D13F0061937B /* Layout.swift in Sources */ = {isa = PBXBuildFile; fileRef = 5C71096E1E44D13F0061937B /* Layout.swift */; };
		5C717C741E4BB54B00675AA9 /* LayoutDelimiter.swift in Sources */ = {isa = PBXBuildFile; fileRef = 5C717C731E4BB54B00675AA9 /* LayoutDelimiter.swift */; };
		5C717C761E4BB60700675AA9 /* LayoutTestComponents.swift in Sources */ = {isa = PBXBuildFile; fileRef = 5C717C751E4BB60700675AA9 /* LayoutTestComponents.swift */; };
		5C717C781E4BB62D00675AA9 /* LayoutTestDelimiters.swift in Sources */ = {isa = PBXBuildFile; fileRef = 5C717C771E4BB62D00675AA9 /* LayoutTestDelimiters.swift */; };
		5C717C7B1E4BB78B00675AA9 /* General.swift in Sources */ = {isa = PBXBuildFile; fileRef = 5C717C7A1E4BB78B00675AA9 /* General.swift */; };
		5C79E88F1E60962E00086D30 /* SimpleXMLNode.swift in Sources */ = {isa = PBXBuildFile; fileRef = 5C79E88D1E60962E00086D30 /* SimpleXMLNode.swift */; };
		5C79E8901E60962E00086D30 /* SimpleXMLParser.swift in Sources */ = {isa = PBXBuildFile; fileRef = 5C79E88E1E60962E00086D30 /* SimpleXMLParser.swift */; };
		5C7BE6E01E5E286E0091E221 /* AppenderTestBasic.swift in Sources */ = {isa = PBXBuildFile; fileRef = 5C7BE6DF1E5E286E0091E221 /* AppenderTestBasic.swift */; };
		5C8192581E452DC50088C021 /* LayoutComponents.swift in Sources */ = {isa = PBXBuildFile; fileRef = 5C8192571E452DC50088C021 /* LayoutComponents.swift */; };
		5CFE9C8E1E438F790066D821 /* Log4s.framework in Frameworks */ = {isa = PBXBuildFile; fileRef = 5CFE9C841E438F790066D821 /* Log4s.framework */; };
		5CFE9C931E438F790066D821 /* Log4sTests.swift in Sources */ = {isa = PBXBuildFile; fileRef = 5CFE9C921E438F790066D821 /* Log4sTests.swift */; };
		5CFE9C951E438F790066D821 /* Log4s.h in Headers */ = {isa = PBXBuildFile; fileRef = 5CFE9C871E438F790066D821 /* Log4s.h */; settings = {ATTRIBUTES = (Public, ); }; };
		5CFE9CCC1E4397A80066D821 /* Logger.swift in Sources */ = {isa = PBXBuildFile; fileRef = 5CFE9CCB1E4397A80066D821 /* Logger.swift */; };
		5CFE9CCE1E439AD20066D821 /* Event.swift in Sources */ = {isa = PBXBuildFile; fileRef = 5CFE9CCD1E439AD20066D821 /* Event.swift */; };
		5CFE9CD01E439B010066D821 /* Consts.swift in Sources */ = {isa = PBXBuildFile; fileRef = 5CFE9CCF1E439B010066D821 /* Consts.swift */; };
		AB1B3D431E45942900145CD1 /* LoggerBasicTests.swift in Sources */ = {isa = PBXBuildFile; fileRef = AB1B3D421E45942900145CD1 /* LoggerBasicTests.swift */; };
		AB7B75251E6240A5002476EA /* AppenderConsole.swift in Sources */ = {isa = PBXBuildFile; fileRef = AB7B75241E6240A5002476EA /* AppenderConsole.swift */; };
		ABDC0A271E4AEC550020469A /* AppenderBasicTests.swift in Sources */ = {isa = PBXBuildFile; fileRef = ABDC0A261E4AEC550020469A /* AppenderBasicTests.swift */; };
		ABDC0A291E4C0BA10020469A /* LayoutBrackets.swift in Sources */ = {isa = PBXBuildFile; fileRef = ABDC0A281E4C0BA10020469A /* LayoutBrackets.swift */; };
		ABDC0A2B1E4C0ED40020469A /* LayoutTestChains.swift in Sources */ = {isa = PBXBuildFile; fileRef = ABDC0A2A1E4C0ED40020469A /* LayoutTestChains.swift */; };
		ABDC0A2D1E4C0EE90020469A /* LayoutTestBrackets.swift in Sources */ = {isa = PBXBuildFile; fileRef = ABDC0A2C1E4C0EE90020469A /* LayoutTestBrackets.swift */; };
/* End PBXBuildFile section */

/* Begin PBXContainerItemProxy section */
		5CFE9C8F1E438F790066D821 /* PBXContainerItemProxy */ = {
			isa = PBXContainerItemProxy;
			containerPortal = 5CFE9C7B1E438F790066D821 /* Project object */;
			proxyType = 1;
			remoteGlobalIDString = 5CFE9C831E438F790066D821;
			remoteInfo = Log4s;
		};
/* End PBXContainerItemProxy section */

/* Begin PBXFileReference section */
		5C71095B1E43B5B80061937B /* IO.swift */ = {isa = PBXFileReference; fileEncoding = 4; lastKnownFileType = sourcecode.swift; name = IO.swift; path = Core/IO.swift; sourceTree = "<group>"; };
		5C71095D1E43B77D0061937B /* Error.swift */ = {isa = PBXFileReference; fileEncoding = 4; lastKnownFileType = sourcecode.swift; name = Error.swift; path = Core/Error.swift; sourceTree = "<group>"; };
		5C7109661E43C4B90061937B /* IOXML.swift */ = {isa = PBXFileReference; fileEncoding = 4; lastKnownFileType = sourcecode.swift; name = IOXML.swift; path = IO/IOXML.swift; sourceTree = "<group>"; };
		5C7109681E43C4D20061937B /* IOJSON.swift */ = {isa = PBXFileReference; fileEncoding = 4; lastKnownFileType = sourcecode.swift; name = IOJSON.swift; path = IO/IOJSON.swift; sourceTree = "<group>"; };
		5C71096A1E43C8190061937B /* IOPlist.swift */ = {isa = PBXFileReference; fileEncoding = 4; lastKnownFileType = sourcecode.swift; name = IOPlist.swift; path = IO/IOPlist.swift; sourceTree = "<group>"; };
		5C71096C1E44D10A0061937B /* Appender.swift */ = {isa = PBXFileReference; fileEncoding = 4; lastKnownFileType = sourcecode.swift; name = Appender.swift; path = Core/Appender.swift; sourceTree = "<group>"; };
		5C71096E1E44D13F0061937B /* Layout.swift */ = {isa = PBXFileReference; fileEncoding = 4; lastKnownFileType = sourcecode.swift; name = Layout.swift; path = Core/Layout.swift; sourceTree = "<group>"; };
		5C717C731E4BB54B00675AA9 /* LayoutDelimiter.swift */ = {isa = PBXFileReference; fileEncoding = 4; lastKnownFileType = sourcecode.swift; name = LayoutDelimiter.swift; path = Layout/LayoutDelimiter.swift; sourceTree = "<group>"; };
		5C717C751E4BB60700675AA9 /* LayoutTestComponents.swift */ = {isa = PBXFileReference; fileEncoding = 4; lastKnownFileType = sourcecode.swift; name = LayoutTestComponents.swift; path = Layouts/LayoutTestComponents.swift; sourceTree = "<group>"; };
		5C717C771E4BB62D00675AA9 /* LayoutTestDelimiters.swift */ = {isa = PBXFileReference; fileEncoding = 4; lastKnownFileType = sourcecode.swift; name = LayoutTestDelimiters.swift; path = Layouts/LayoutTestDelimiters.swift; sourceTree = "<group>"; };
		5C717C7A1E4BB78B00675AA9 /* General.swift */ = {isa = PBXFileReference; fileEncoding = 4; lastKnownFileType = sourcecode.swift; name = General.swift; path = Utils/General.swift; sourceTree = "<group>"; };
		5C79E88D1E60962E00086D30 /* SimpleXMLNode.swift */ = {isa = PBXFileReference; fileEncoding = 4; lastKnownFileType = sourcecode.swift; name = SimpleXMLNode.swift; path = IO/SimpleXMLNode.swift; sourceTree = "<group>"; };
		5C79E88E1E60962E00086D30 /* SimpleXMLParser.swift */ = {isa = PBXFileReference; fileEncoding = 4; lastKnownFileType = sourcecode.swift; name = SimpleXMLParser.swift; path = IO/SimpleXMLParser.swift; sourceTree = "<group>"; };
		5C7BE6DF1E5E286E0091E221 /* AppenderTestBasic.swift */ = {isa = PBXFileReference; fileEncoding = 4; lastKnownFileType = sourcecode.swift; path = AppenderTestBasic.swift; sourceTree = "<group>"; };
		5C8192571E452DC50088C021 /* LayoutComponents.swift */ = {isa = PBXFileReference; fileEncoding = 4; lastKnownFileType = sourcecode.swift; name = LayoutComponents.swift; path = Layout/LayoutComponents.swift; sourceTree = "<group>"; };
		5CFE9C841E438F790066D821 /* Log4s.framework */ = {isa = PBXFileReference; explicitFileType = wrapper.framework; includeInIndex = 0; path = Log4s.framework; sourceTree = BUILT_PRODUCTS_DIR; };
		5CFE9C871E438F790066D821 /* Log4s.h */ = {isa = PBXFileReference; lastKnownFileType = sourcecode.c.h; path = Log4s.h; sourceTree = "<group>"; };
		5CFE9C881E438F790066D821 /* Info.plist */ = {isa = PBXFileReference; lastKnownFileType = text.plist.xml; path = Info.plist; sourceTree = "<group>"; };
		5CFE9C8D1E438F790066D821 /* Log4sTests.xctest */ = {isa = PBXFileReference; explicitFileType = wrapper.cfbundle; includeInIndex = 0; path = Log4sTests.xctest; sourceTree = BUILT_PRODUCTS_DIR; };
		5CFE9C921E438F790066D821 /* Log4sTests.swift */ = {isa = PBXFileReference; lastKnownFileType = sourcecode.swift; path = Log4sTests.swift; sourceTree = "<group>"; };
		5CFE9C941E438F790066D821 /* Info.plist */ = {isa = PBXFileReference; lastKnownFileType = text.plist.xml; path = Info.plist; sourceTree = "<group>"; };
		5CFE9CCB1E4397A80066D821 /* Logger.swift */ = {isa = PBXFileReference; fileEncoding = 4; lastKnownFileType = sourcecode.swift; name = Logger.swift; path = Core/Logger.swift; sourceTree = "<group>"; };
		5CFE9CCD1E439AD20066D821 /* Event.swift */ = {isa = PBXFileReference; fileEncoding = 4; lastKnownFileType = sourcecode.swift; name = Event.swift; path = Core/Event.swift; sourceTree = "<group>"; };
		5CFE9CCF1E439B010066D821 /* Consts.swift */ = {isa = PBXFileReference; fileEncoding = 4; lastKnownFileType = sourcecode.swift; name = Consts.swift; path = Core/Consts.swift; sourceTree = "<group>"; };
		AB1B3D421E45942900145CD1 /* LoggerBasicTests.swift */ = {isa = PBXFileReference; fileEncoding = 4; lastKnownFileType = sourcecode.swift; path = LoggerBasicTests.swift; sourceTree = "<group>"; };
		AB7B75241E6240A5002476EA /* AppenderConsole.swift */ = {isa = PBXFileReference; fileEncoding = 4; lastKnownFileType = sourcecode.swift; name = AppenderConsole.swift; path = Appenders/AppenderConsole.swift; sourceTree = "<group>"; };
		ABDC0A261E4AEC550020469A /* AppenderBasicTests.swift */ = {isa = PBXFileReference; fileEncoding = 4; lastKnownFileType = sourcecode.swift; path = AppenderBasicTests.swift; sourceTree = "<group>"; };
		ABDC0A281E4C0BA10020469A /* LayoutBrackets.swift */ = {isa = PBXFileReference; fileEncoding = 4; lastKnownFileType = sourcecode.swift; name = LayoutBrackets.swift; path = Layout/LayoutBrackets.swift; sourceTree = "<group>"; };
		ABDC0A2A1E4C0ED40020469A /* LayoutTestChains.swift */ = {isa = PBXFileReference; fileEncoding = 4; lastKnownFileType = sourcecode.swift; name = LayoutTestChains.swift; path = Layouts/LayoutTestChains.swift; sourceTree = "<group>"; };
		ABDC0A2C1E4C0EE90020469A /* LayoutTestBrackets.swift */ = {isa = PBXFileReference; fileEncoding = 4; lastKnownFileType = sourcecode.swift; name = LayoutTestBrackets.swift; path = Layouts/LayoutTestBrackets.swift; sourceTree = "<group>"; };
/* End PBXFileReference section */

/* Begin PBXFrameworksBuildPhase section */
		5CFE9C801E438F790066D821 /* Frameworks */ = {
			isa = PBXFrameworksBuildPhase;
			buildActionMask = 2147483647;
			files = (
			);
			runOnlyForDeploymentPostprocessing = 0;
		};
		5CFE9C8A1E438F790066D821 /* Frameworks */ = {
			isa = PBXFrameworksBuildPhase;
			buildActionMask = 2147483647;
			files = (
				5CFE9C8E1E438F790066D821 /* Log4s.framework in Frameworks */,
			);
			runOnlyForDeploymentPostprocessing = 0;
		};
/* End PBXFrameworksBuildPhase section */

/* Begin PBXGroup section */
		5C71095F1E43B7870061937B /* IO */ = {
			isa = PBXGroup;
			children = (
				5C7109681E43C4D20061937B /* IOJSON.swift */,
				5C7109661E43C4B90061937B /* IOXML.swift */,
				5C71096A1E43C8190061937B /* IOPlist.swift */,
			);
			name = IO;
			sourceTree = "<group>";
		};
		5C7109701E44E7880061937B /* Layouts */ = {
			isa = PBXGroup;
			children = (
				5C8192571E452DC50088C021 /* LayoutComponents.swift */,
				5C717C731E4BB54B00675AA9 /* LayoutDelimiter.swift */,
				ABDC0A281E4C0BA10020469A /* LayoutBrackets.swift */,
			);
			name = Layouts;
			sourceTree = "<group>";
		};
		5C717C721E4BB51F00675AA9 /* Layouts */ = {
			isa = PBXGroup;
			children = (
				5C717C771E4BB62D00675AA9 /* LayoutTestDelimiters.swift */,
				5C717C751E4BB60700675AA9 /* LayoutTestComponents.swift */,
				ABDC0A2C1E4C0EE90020469A /* LayoutTestBrackets.swift */,
				ABDC0A2A1E4C0ED40020469A /* LayoutTestChains.swift */,
			);
			name = Layouts;
			sourceTree = "<group>";
		};
		5C717C791E4BB75400675AA9 /* Utils */ = {
			isa = PBXGroup;
			children = (
				5C717C7A1E4BB78B00675AA9 /* General.swift */,
			);
			name = Utils;
			sourceTree = "<group>";
		};
		5C79E8911E60964E00086D30 /* Forks */ = {
			isa = PBXGroup;
			children = (
				5C79E88D1E60962E00086D30 /* SimpleXMLNode.swift */,
				5C79E88E1E60962E00086D30 /* SimpleXMLParser.swift */,
			);
			name = Forks;
			sourceTree = "<group>";
		};
		5C7BE6DE1E5E27720091E221 /* Appender */ = {
			isa = PBXGroup;
			children = (
				5C7BE6DF1E5E286E0091E221 /* AppenderTestBasic.swift */,
			);
			name = Appender;
			sourceTree = "<group>";
		};
		5CFE9C7A1E438F790066D821 = {
			isa = PBXGroup;
			children = (
				5CFE9C861E438F790066D821 /* Log4s */,
				5CFE9C911E438F790066D821 /* Log4sTests */,
				5CFE9C851E438F790066D821 /* Products */,
			);
			sourceTree = "<group>";
		};
		5CFE9C851E438F790066D821 /* Products */ = {
			isa = PBXGroup;
			children = (
				5CFE9C841E438F790066D821 /* Log4s.framework */,
				5CFE9C8D1E438F790066D821 /* Log4sTests.xctest */,
			);
			name = Products;
			sourceTree = "<group>";
		};
		5CFE9C861E438F790066D821 /* Log4s */ = {
			isa = PBXGroup;
			children = (
				5C79E8911E60964E00086D30 /* Forks */,
				5C717C791E4BB75400675AA9 /* Utils */,
				AB1B3D461E47BF8700145CD1 /* Appenders */,
				5C7109701E44E7880061937B /* Layouts */,
				5C71095F1E43B7870061937B /* IO */,
				5CFE9CCA1E43978F0066D821 /* Core */,
				5CFE9C871E438F790066D821 /* Log4s.h */,
				5CFE9C881E438F790066D821 /* Info.plist */,
			);
			path = Log4s;
			sourceTree = "<group>";
		};
		5CFE9C911E438F790066D821 /* Log4sTests */ = {
			isa = PBXGroup;
			children = (
				5C7BE6DE1E5E27720091E221 /* Appender */,
				5C717C721E4BB51F00675AA9 /* Layouts */,
				AB1B3D411E4593EB00145CD1 /* LoggerBasic */,
				5CFE9C921E438F790066D821 /* Log4sTests.swift */,
				5CFE9C941E438F790066D821 /* Info.plist */,
			);
			path = Log4sTests;
			sourceTree = "<group>";
		};
		5CFE9CCA1E43978F0066D821 /* Core */ = {
			isa = PBXGroup;
			children = (
				5C71095D1E43B77D0061937B /* Error.swift */,
				5C71095B1E43B5B80061937B /* IO.swift */,
				5CFE9CCB1E4397A80066D821 /* Logger.swift */,
				5CFE9CCD1E439AD20066D821 /* Event.swift */,
				5CFE9CCF1E439B010066D821 /* Consts.swift */,
				5C71096C1E44D10A0061937B /* Appender.swift */,
				5C71096E1E44D13F0061937B /* Layout.swift */,
			);
			name = Core;
			sourceTree = "<group>";
		};
		AB1B3D411E4593EB00145CD1 /* LoggerBasic */ = {
			isa = PBXGroup;
			children = (
				AB1B3D421E45942900145CD1 /* LoggerBasicTests.swift */,
				ABDC0A261E4AEC550020469A /* AppenderBasicTests.swift */,
			);
			name = LoggerBasic;
			sourceTree = "<group>";
		};
		AB1B3D461E47BF8700145CD1 /* Appenders */ = {
			isa = PBXGroup;
			children = (
				AB7B75241E6240A5002476EA /* AppenderConsole.swift */,
			);
			name = Appenders;
			sourceTree = "<group>";
		};
/* End PBXGroup section */

/* Begin PBXHeadersBuildPhase section */
		5CFE9C811E438F790066D821 /* Headers */ = {
			isa = PBXHeadersBuildPhase;
			buildActionMask = 2147483647;
			files = (
				5CFE9C951E438F790066D821 /* Log4s.h in Headers */,
			);
			runOnlyForDeploymentPostprocessing = 0;
		};
/* End PBXHeadersBuildPhase section */

/* Begin PBXNativeTarget section */
		5CFE9C831E438F790066D821 /* Log4s */ = {
			isa = PBXNativeTarget;
			buildConfigurationList = 5CFE9C981E438F790066D821 /* Build configuration list for PBXNativeTarget "Log4s" */;
			buildPhases = (
				5CFE9C7F1E438F790066D821 /* Sources */,
				5CFE9C801E438F790066D821 /* Frameworks */,
				5CFE9C811E438F790066D821 /* Headers */,
				5CFE9C821E438F790066D821 /* Resources */,
			);
			buildRules = (
			);
			dependencies = (
			);
			name = Log4s;
			productName = Log4s;
			productReference = 5CFE9C841E438F790066D821 /* Log4s.framework */;
			productType = "com.apple.product-type.framework";
		};
		5CFE9C8C1E438F790066D821 /* Log4sTests */ = {
			isa = PBXNativeTarget;
			buildConfigurationList = 5CFE9C9B1E438F790066D821 /* Build configuration list for PBXNativeTarget "Log4sTests" */;
			buildPhases = (
				5CFE9C891E438F790066D821 /* Sources */,
				5CFE9C8A1E438F790066D821 /* Frameworks */,
				5CFE9C8B1E438F790066D821 /* Resources */,
			);
			buildRules = (
			);
			dependencies = (
				5CFE9C901E438F790066D821 /* PBXTargetDependency */,
			);
			name = Log4sTests;
			productName = Log4sTests;
			productReference = 5CFE9C8D1E438F790066D821 /* Log4sTests.xctest */;
			productType = "com.apple.product-type.bundle.unit-test";
		};
/* End PBXNativeTarget section */

/* Begin PBXProject section */
		5CFE9C7B1E438F790066D821 /* Project object */ = {
			isa = PBXProject;
			attributes = {
				LastSwiftUpdateCheck = 0820;
				LastUpgradeCheck = 0820;
				ORGANIZATIONNAME = GeekMouse;
				TargetAttributes = {
					5CFE9C831E438F790066D821 = {
						CreatedOnToolsVersion = 8.2.1;
						DevelopmentTeam = 34JYY8BQ79;
						LastSwiftMigration = 0820;
						ProvisioningStyle = Automatic;
					};
					5CFE9C8C1E438F790066D821 = {
						CreatedOnToolsVersion = 8.2.1;
						DevelopmentTeam = 34JYY8BQ79;
						ProvisioningStyle = Automatic;
					};
				};
			};
			buildConfigurationList = 5CFE9C7E1E438F790066D821 /* Build configuration list for PBXProject "Log4s" */;
			compatibilityVersion = "Xcode 3.2";
			developmentRegion = English;
			hasScannedForEncodings = 0;
			knownRegions = (
				en,
			);
			mainGroup = 5CFE9C7A1E438F790066D821;
			productRefGroup = 5CFE9C851E438F790066D821 /* Products */;
			projectDirPath = "";
			projectRoot = "";
			targets = (
				5CFE9C831E438F790066D821 /* Log4s */,
				5CFE9C8C1E438F790066D821 /* Log4sTests */,
			);
		};
/* End PBXProject section */

/* Begin PBXResourcesBuildPhase section */
		5CFE9C821E438F790066D821 /* Resources */ = {
			isa = PBXResourcesBuildPhase;
			buildActionMask = 2147483647;
			files = (
			);
			runOnlyForDeploymentPostprocessing = 0;
		};
		5CFE9C8B1E438F790066D821 /* Resources */ = {
			isa = PBXResourcesBuildPhase;
			buildActionMask = 2147483647;
			files = (
			);
			runOnlyForDeploymentPostprocessing = 0;
		};
/* End PBXResourcesBuildPhase section */

/* Begin PBXSourcesBuildPhase section */
		5CFE9C7F1E438F790066D821 /* Sources */ = {
			isa = PBXSourcesBuildPhase;
			buildActionMask = 2147483647;
			files = (
				5CFE9CCE1E439AD20066D821 /* Event.swift in Sources */,
				5C71096D1E44D10A0061937B /* Appender.swift in Sources */,
				5C7109691E43C4D20061937B /* IOJSON.swift in Sources */,
				5C79E88F1E60962E00086D30 /* SimpleXMLNode.swift in Sources */,
				5C71096B1E43C8190061937B /* IOPlist.swift in Sources */,
				5C7109671E43C4B90061937B /* IOXML.swift in Sources */,
				5C717C741E4BB54B00675AA9 /* LayoutDelimiter.swift in Sources */,
				5C8192581E452DC50088C021 /* LayoutComponents.swift in Sources */,
				AB7B75251E6240A5002476EA /* AppenderConsole.swift in Sources */,
				5C79E8901E60962E00086D30 /* SimpleXMLParser.swift in Sources */,
				5C717C7B1E4BB78B00675AA9 /* General.swift in Sources */,
				5C71096F1E44D13F0061937B /* Layout.swift in Sources */,
				5CFE9CD01E439B010066D821 /* Consts.swift in Sources */,
				ABDC0A291E4C0BA10020469A /* LayoutBrackets.swift in Sources */,
				5C71095C1E43B5B80061937B /* IO.swift in Sources */,
				5C71095E1E43B77D0061937B /* Error.swift in Sources */,
				5CFE9CCC1E4397A80066D821 /* Logger.swift in Sources */,
			);
			runOnlyForDeploymentPostprocessing = 0;
		};
		5CFE9C891E438F790066D821 /* Sources */ = {
			isa = PBXSourcesBuildPhase;
			buildActionMask = 2147483647;
			files = (
				5C717C761E4BB60700675AA9 /* LayoutTestComponents.swift in Sources */,
				ABDC0A2B1E4C0ED40020469A /* LayoutTestChains.swift in Sources */,
				ABDC0A271E4AEC550020469A /* AppenderBasicTests.swift in Sources */,
				5C7BE6E01E5E286E0091E221 /* AppenderTestBasic.swift in Sources */,
				ABDC0A2D1E4C0EE90020469A /* LayoutTestBrackets.swift in Sources */,
				AB1B3D431E45942900145CD1 /* LoggerBasicTests.swift in Sources */,
				5C717C781E4BB62D00675AA9 /* LayoutTestDelimiters.swift in Sources */,
				5CFE9C931E438F790066D821 /* Log4sTests.swift in Sources */,
			);
			runOnlyForDeploymentPostprocessing = 0;
		};
/* End PBXSourcesBuildPhase section */

/* Begin PBXTargetDependency section */
		5CFE9C901E438F790066D821 /* PBXTargetDependency */ = {
			isa = PBXTargetDependency;
			target = 5CFE9C831E438F790066D821 /* Log4s */;
			targetProxy = 5CFE9C8F1E438F790066D821 /* PBXContainerItemProxy */;
		};
/* End PBXTargetDependency section */

/* Begin XCBuildConfiguration section */
		5CFE9C961E438F790066D821 /* Debug */ = {
			isa = XCBuildConfiguration;
			buildSettings = {
				ALWAYS_SEARCH_USER_PATHS = NO;
				CLANG_ANALYZER_NONNULL = YES;
				CLANG_CXX_LANGUAGE_STANDARD = "gnu++0x";
				CLANG_CXX_LIBRARY = "libc++";
				CLANG_ENABLE_MODULES = YES;
				CLANG_ENABLE_OBJC_ARC = YES;
				CLANG_WARN_BOOL_CONVERSION = YES;
				CLANG_WARN_CONSTANT_CONVERSION = YES;
				CLANG_WARN_DIRECT_OBJC_ISA_USAGE = YES_ERROR;
				CLANG_WARN_DOCUMENTATION_COMMENTS = YES;
				CLANG_WARN_EMPTY_BODY = YES;
				CLANG_WARN_ENUM_CONVERSION = YES;
				CLANG_WARN_INFINITE_RECURSION = YES;
				CLANG_WARN_INT_CONVERSION = YES;
				CLANG_WARN_OBJC_ROOT_CLASS = YES_ERROR;
				CLANG_WARN_SUSPICIOUS_MOVE = YES;
				CLANG_WARN_UNREACHABLE_CODE = YES;
				CLANG_WARN__DUPLICATE_METHOD_MATCH = YES;
				"CODE_SIGN_IDENTITY[sdk=iphoneos*]" = "iPhone Developer";
				COPY_PHASE_STRIP = NO;
				CURRENT_PROJECT_VERSION = 1;
				DEBUG_INFORMATION_FORMAT = dwarf;
				ENABLE_STRICT_OBJC_MSGSEND = YES;
				ENABLE_TESTABILITY = YES;
				GCC_C_LANGUAGE_STANDARD = gnu99;
				GCC_DYNAMIC_NO_PIC = NO;
				GCC_NO_COMMON_BLOCKS = YES;
				GCC_OPTIMIZATION_LEVEL = 0;
				GCC_PREPROCESSOR_DEFINITIONS = (
					"DEBUG=1",
					"$(inherited)",
				);
				GCC_WARN_64_TO_32_BIT_CONVERSION = YES;
				GCC_WARN_ABOUT_RETURN_TYPE = YES_ERROR;
				GCC_WARN_UNDECLARED_SELECTOR = YES;
				GCC_WARN_UNINITIALIZED_AUTOS = YES_AGGRESSIVE;
				GCC_WARN_UNUSED_FUNCTION = YES;
				GCC_WARN_UNUSED_VARIABLE = YES;
				IPHONEOS_DEPLOYMENT_TARGET = 10.2;
				MTL_ENABLE_DEBUG_INFO = YES;
				ONLY_ACTIVE_ARCH = YES;
				SDKROOT = iphoneos;
				SWIFT_ACTIVE_COMPILATION_CONDITIONS = DEBUG;
				SWIFT_OPTIMIZATION_LEVEL = "-Onone";
				TARGETED_DEVICE_FAMILY = "1,2";
				VERSIONING_SYSTEM = "apple-generic";
				VERSION_INFO_PREFIX = "";
			};
			name = Debug;
		};
		5CFE9C971E438F790066D821 /* Release */ = {
			isa = XCBuildConfiguration;
			buildSettings = {
				ALWAYS_SEARCH_USER_PATHS = NO;
				CLANG_ANALYZER_NONNULL = YES;
				CLANG_CXX_LANGUAGE_STANDARD = "gnu++0x";
				CLANG_CXX_LIBRARY = "libc++";
				CLANG_ENABLE_MODULES = YES;
				CLANG_ENABLE_OBJC_ARC = YES;
				CLANG_WARN_BOOL_CONVERSION = YES;
				CLANG_WARN_CONSTANT_CONVERSION = YES;
				CLANG_WARN_DIRECT_OBJC_ISA_USAGE = YES_ERROR;
				CLANG_WARN_DOCUMENTATION_COMMENTS = YES;
				CLANG_WARN_EMPTY_BODY = YES;
				CLANG_WARN_ENUM_CONVERSION = YES;
				CLANG_WARN_INFINITE_RECURSION = YES;
				CLANG_WARN_INT_CONVERSION = YES;
				CLANG_WARN_OBJC_ROOT_CLASS = YES_ERROR;
				CLANG_WARN_SUSPICIOUS_MOVE = YES;
				CLANG_WARN_UNREACHABLE_CODE = YES;
				CLANG_WARN__DUPLICATE_METHOD_MATCH = YES;
				"CODE_SIGN_IDENTITY[sdk=iphoneos*]" = "iPhone Developer";
				COPY_PHASE_STRIP = NO;
				CURRENT_PROJECT_VERSION = 1;
				DEBUG_INFORMATION_FORMAT = "dwarf-with-dsym";
				ENABLE_NS_ASSERTIONS = NO;
				ENABLE_STRICT_OBJC_MSGSEND = YES;
				GCC_C_LANGUAGE_STANDARD = gnu99;
				GCC_NO_COMMON_BLOCKS = YES;
				GCC_WARN_64_TO_32_BIT_CONVERSION = YES;
				GCC_WARN_ABOUT_RETURN_TYPE = YES_ERROR;
				GCC_WARN_UNDECLARED_SELECTOR = YES;
				GCC_WARN_UNINITIALIZED_AUTOS = YES_AGGRESSIVE;
				GCC_WARN_UNUSED_FUNCTION = YES;
				GCC_WARN_UNUSED_VARIABLE = YES;
				IPHONEOS_DEPLOYMENT_TARGET = 10.2;
				MTL_ENABLE_DEBUG_INFO = NO;
				SDKROOT = iphoneos;
				SWIFT_OPTIMIZATION_LEVEL = "-Owholemodule";
				TARGETED_DEVICE_FAMILY = "1,2";
				VALIDATE_PRODUCT = YES;
				VERSIONING_SYSTEM = "apple-generic";
				VERSION_INFO_PREFIX = "";
			};
			name = Release;
		};
		5CFE9C991E438F790066D821 /* Debug */ = {
			isa = XCBuildConfiguration;
			buildSettings = {
				CLANG_ENABLE_MODULES = YES;
				CODE_SIGN_IDENTITY = "";
				DEFINES_MODULE = YES;
				DEVELOPMENT_TEAM = 34JYY8BQ79;
				DYLIB_COMPATIBILITY_VERSION = 1;
				DYLIB_CURRENT_VERSION = 1;
				DYLIB_INSTALL_NAME_BASE = "@rpath";
				INFOPLIST_FILE = Log4s/Info.plist;
				INSTALL_PATH = "$(LOCAL_LIBRARY_DIR)/Frameworks";
				IPHONEOS_DEPLOYMENT_TARGET = 8.3;
				LD_RUNPATH_SEARCH_PATHS = "$(inherited) @executable_path/Frameworks @loader_path/Frameworks";
				ONLY_ACTIVE_ARCH = YES;
				PRODUCT_BUNDLE_IDENTIFIER = com.geekmouse.Log4s;
				PRODUCT_NAME = "$(TARGET_NAME)";
				SKIP_INSTALL = YES;
				SWIFT_OPTIMIZATION_LEVEL = "-Onone";
				SWIFT_VERSION = 3.0;
			};
			name = Debug;
		};
		5CFE9C9A1E438F790066D821 /* Release */ = {
			isa = XCBuildConfiguration;
			buildSettings = {
				CLANG_ENABLE_MODULES = YES;
				CODE_SIGN_IDENTITY = "";
				DEFINES_MODULE = YES;
				DEVELOPMENT_TEAM = 34JYY8BQ79;
				DYLIB_COMPATIBILITY_VERSION = 1;
				DYLIB_CURRENT_VERSION = 1;
				DYLIB_INSTALL_NAME_BASE = "@rpath";
				INFOPLIST_FILE = Log4s/Info.plist;
				INSTALL_PATH = "$(LOCAL_LIBRARY_DIR)/Frameworks";
				IPHONEOS_DEPLOYMENT_TARGET = 8.3;
				LD_RUNPATH_SEARCH_PATHS = "$(inherited) @executable_path/Frameworks @loader_path/Frameworks";
				PRODUCT_BUNDLE_IDENTIFIER = com.geekmouse.Log4s;
				PRODUCT_NAME = "$(TARGET_NAME)";
				SKIP_INSTALL = YES;
				SWIFT_VERSION = 3.0;
			};
			name = Release;
		};
		5CFE9C9C1E438F790066D821 /* Debug */ = {
			isa = XCBuildConfiguration;
			buildSettings = {
				ALWAYS_EMBED_SWIFT_STANDARD_LIBRARIES = YES;
				DEVELOPMENT_TEAM = 34JYY8BQ79;
				INFOPLIST_FILE = Log4sTests/Info.plist;
				LD_RUNPATH_SEARCH_PATHS = "$(inherited) @executable_path/Frameworks @loader_path/Frameworks";
				PRODUCT_BUNDLE_IDENTIFIER = com.geekmouse.Log4sTests;
				PRODUCT_NAME = "$(TARGET_NAME)";
				SWIFT_VERSION = 3.0;
			};
			name = Debug;
		};
		5CFE9C9D1E438F790066D821 /* Release */ = {
			isa = XCBuildConfiguration;
			buildSettings = {
				ALWAYS_EMBED_SWIFT_STANDARD_LIBRARIES = YES;
				DEVELOPMENT_TEAM = 34JYY8BQ79;
				INFOPLIST_FILE = Log4sTests/Info.plist;
				LD_RUNPATH_SEARCH_PATHS = "$(inherited) @executable_path/Frameworks @loader_path/Frameworks";
				PRODUCT_BUNDLE_IDENTIFIER = com.geekmouse.Log4sTests;
				PRODUCT_NAME = "$(TARGET_NAME)";
				SWIFT_VERSION = 3.0;
			};
			name = Release;
		};
/* End XCBuildConfiguration section */

/* Begin XCConfigurationList section */
		5CFE9C7E1E438F790066D821 /* Build configuration list for PBXProject "Log4s" */ = {
			isa = XCConfigurationList;
			buildConfigurations = (
				5CFE9C961E438F790066D821 /* Debug */,
				5CFE9C971E438F790066D821 /* Release */,
			);
			defaultConfigurationIsVisible = 0;
			defaultConfigurationName = Release;
		};
		5CFE9C981E438F790066D821 /* Build configuration list for PBXNativeTarget "Log4s" */ = {
			isa = XCConfigurationList;
			buildConfigurations = (
				5CFE9C991E438F790066D821 /* Debug */,
				5CFE9C9A1E438F790066D821 /* Release */,
			);
			defaultConfigurationIsVisible = 0;
			defaultConfigurationName = Release;
		};
		5CFE9C9B1E438F790066D821 /* Build configuration list for PBXNativeTarget "Log4sTests" */ = {
			isa = XCConfigurationList;
			buildConfigurations = (
				5CFE9C9C1E438F790066D821 /* Debug */,
				5CFE9C9D1E438F790066D821 /* Release */,
			);
			defaultConfigurationIsVisible = 0;
			defaultConfigurationName = Release;
		};
/* End XCConfigurationList section */
	};
	rootObject = 5CFE9C7B1E438F790066D821 /* Project object */;
}
